
Microsoft Visual Studio Solution File, Format Version 12.00
# Visual Studio Version 16
VisualStudioVersion = 16.0.34031.81
MinimumVisualStudioVersion = 10.0.40219.1
Project("{2150E333-8FDC-42A3-9474-1A3956D46DE8}") = "Task0", "Task0", "{089DEE0C-4C67-4FAC-8A31-1F53F8B7215E}"
EndProject
Project("{8BC9CEB8-8B4A-11D0-8D11-00A0C91BC942}") = "Tyuiu.FominIN.Sprint0.Task1.V0", "Tyuiu.FominIN.Sprint0.Task1.V0\Tyuiu.FominIN.Sprint0.Task1.V0.vcxproj", "{E2ADBCB0-492C-435E-B6FA-A1C2F80C7D05}"
EndProject
Project("{2150E333-8FDC-42A3-9474-1A3956D46DE8}") = "Task1", "Task1", "{EFDD313E-D619-441A-BFF2-ED3CCD0D121C}"
EndProject
Project("{8BC9CEB8-8B4A-11D0-8D11-00A0C91BC942}") = "Tyuiu.FominIN.Sprint0.Task0.V0", "Tyuiu.FominIN.Sprint0.Task0.V0\Tyuiu.FominIN.Sprint0.Task0.V0.vcxproj", "{F3F42738-85EF-4851-A3F8-FD0FC28BB6A5}"
EndProject
Project("{8BC9CEB8-8B4A-11D0-8D11-00A0C91BC942}") = "Tyuiu.FominIN.Sprint0.Task2.V0", "Tyuiu.FominIN.Sprint0.Task2.V0\Tyuiu.FominIN.Sprint0.Task2.V0.vcxproj", "{301EF954-6D4E-4C06-AF2E-E774CE956F05}"
EndProject
Project("{8BC9CEB8-8B4A-11D0-8D11-00A0C91BC942}") = "Tyuiu.FominIN.Sprint0.Task2.V0.Lib", "Tyuiu.FominIN.Sprint0.Task2.V0.Lib\Tyuiu.FominIN.Sprint0.Task2.V0.Lib.vcxproj", "{9AB2031B-21CE-40FC-A581-27F9DF94330F}"
EndProject
Project("{8BC9CEB8-8B4A-11D0-8D11-00A0C91BC942}") = "Tyuiu.FominIN.Sprint0.Task2.V0.Test", "Tyuiu.FominIN.Sprint0.Task2.V0.Test\Tyuiu.FominIN.Sprint0.Task2.V0.Test.vcxproj", "{F8EEC172-085B-4F84-BA98-7735A743A19F}"
EndProject
Project("{2150E333-8FDC-42A3-9474-1A3956D46DE8}") = "Task3", "Task3", "{CBB89A7B-99EC-456A-A204-3813C6A32EA0}"
EndProject
Project("{8BC9CEB8-8B4A-11D0-8D11-00A0C91BC942}") = "Tyuiu.FominIN.Sprint0.Task3.V0", "Tyuiu.FominIN.Sprint0.Task3.V0\Tyuiu.FominIN.Sprint0.Task3.V0.vcxproj", "{8A898CDF-AB10-45A2-8C29-D74A04A8F950}"
EndProject
Project("{8BC9CEB8-8B4A-11D0-8D11-00A0C91BC942}") = "Tyuiu.FominIN.Sprint0.Task3.V0.Lib", "Tyuiu.FominIN.Sprint0.Task3.V0.Lib\Tyuiu.FominIN.Sprint0.Task3.V0.Lib.vcxproj", "{4D5D48B6-F27D-41D6-B3CF-296D07A9E39B}"
EndProject
Project("{8BC9CEB8-8B4A-11D0-8D11-00A0C91BC942}") = "Tyuiu.FominIN.Sprint0.Task3.V0.Test", "Tyuiu.FominIN.Sprint0.Task3.V0.Test\Tyuiu.FominIN.Sprint0.Task3.V0.Test.vcxproj", "{745FD8E6-CFE9-43FA-9567-B3FB4F497F0C}"
EndProject
Global
	GlobalSection(SolutionConfigurationPlatforms) = preSolution
		Debug|Any CPU = Debug|Any CPU
		Debug|x64 = Debug|x64
		Debug|x86 = Debug|x86
		Release|Any CPU = Release|Any CPU
		Release|x64 = Release|x64
		Release|x86 = Release|x86
	EndGlobalSection
	GlobalSection(ProjectConfigurationPlatforms) = postSolution
		{E2ADBCB0-492C-435E-B6FA-A1C2F80C7D05}.Debug|Any CPU.ActiveCfg = Debug|Win32
		{E2ADBCB0-492C-435E-B6FA-A1C2F80C7D05}.Debug|x64.ActiveCfg = Debug|x64
		{E2ADBCB0-492C-435E-B6FA-A1C2F80C7D05}.Debug|x64.Build.0 = Debug|x64
		{E2ADBCB0-492C-435E-B6FA-A1C2F80C7D05}.Debug|x86.ActiveCfg = Debug|Win32
		{E2ADBCB0-492C-435E-B6FA-A1C2F80C7D05}.Debug|x86.Build.0 = Debug|Win32
		{E2ADBCB0-492C-435E-B6FA-A1C2F80C7D05}.Release|Any CPU.ActiveCfg = Release|Win32
		{E2ADBCB0-492C-435E-B6FA-A1C2F80C7D05}.Release|x64.ActiveCfg = Release|x64
		{E2ADBCB0-492C-435E-B6FA-A1C2F80C7D05}.Release|x64.Build.0 = Release|x64
		{E2ADBCB0-492C-435E-B6FA-A1C2F80C7D05}.Release|x86.ActiveCfg = Release|Win32
		{E2ADBCB0-492C-435E-B6FA-A1C2F80C7D05}.Release|x86.Build.0 = Release|Win32
		{F3F42738-85EF-4851-A3F8-FD0FC28BB6A5}.Debug|Any CPU.ActiveCfg = Debug|Win32
		{F3F42738-85EF-4851-A3F8-FD0FC28BB6A5}.Debug|x64.ActiveCfg = Debug|x64
		{F3F42738-85EF-4851-A3F8-FD0FC28BB6A5}.Debug|x64.Build.0 = Debug|x64
		{F3F42738-85EF-4851-A3F8-FD0FC28BB6A5}.Debug|x86.ActiveCfg = Debug|Win32
		{F3F42738-85EF-4851-A3F8-FD0FC28BB6A5}.Debug|x86.Build.0 = Debug|Win32
		{F3F42738-85EF-4851-A3F8-FD0FC28BB6A5}.Release|Any CPU.ActiveCfg = Release|Win32
		{F3F42738-85EF-4851-A3F8-FD0FC28BB6A5}.Release|x64.ActiveCfg = Release|x64
		{F3F42738-85EF-4851-A3F8-FD0FC28BB6A5}.Release|x64.Build.0 = Release|x64
		{F3F42738-85EF-4851-A3F8-FD0FC28BB6A5}.Release|x86.ActiveCfg = Release|Win32
		{F3F42738-85EF-4851-A3F8-FD0FC28BB6A5}.Release|x86.Build.0 = Release|Win32
		{301EF954-6D4E-4C06-AF2E-E774CE956F05}.Debug|Any CPU.ActiveCfg = Debug|Win32
		{301EF954-6D4E-4C06-AF2E-E774CE956F05}.Debug|x64.ActiveCfg = Debug|x64
		{301EF954-6D4E-4C06-AF2E-E774CE956F05}.Debug|x64.Build.0 = Debug|x64
		{301EF954-6D4E-4C06-AF2E-E774CE956F05}.Debug|x86.ActiveCfg = Debug|Win32
		{301EF954-6D4E-4C06-AF2E-E774CE956F05}.Debug|x86.Build.0 = Debug|Win32
		{301EF954-6D4E-4C06-AF2E-E774CE956F05}.Release|Any CPU.ActiveCfg = Release|Win32
		{301EF954-6D4E-4C06-AF2E-E774CE956F05}.Release|x64.ActiveCfg = Release|x64
		{301EF954-6D4E-4C06-AF2E-E774CE956F05}.Release|x64.Build.0 = Release|x64
		{301EF954-6D4E-4C06-AF2E-E774CE956F05}.Release|x86.ActiveCfg = Release|Win32
		{301EF954-6D4E-4C06-AF2E-E774CE956F05}.Release|x86.Build.0 = Release|Win32
		{9AB2031B-21CE-40FC-A581-27F9DF94330F}.Debug|Any CPU.ActiveCfg = Debug|Win32
		{9AB2031B-21CE-40FC-A581-27F9DF94330F}.Debug|x64.ActiveCfg = Debug|x64
		{9AB2031B-21CE-40FC-A581-27F9DF94330F}.Debug|x64.Build.0 = Debug|x64
		{9AB2031B-21CE-40FC-A581-27F9DF94330F}.Debug|x86.ActiveCfg = Debug|Win32
		{9AB2031B-21CE-40FC-A581-27F9DF94330F}.Debug|x86.Build.0 = Debug|Win32
		{9AB2031B-21CE-40FC-A581-27F9DF94330F}.Release|Any CPU.ActiveCfg = Release|Win32
		{9AB2031B-21CE-40FC-A581-27F9DF94330F}.Release|x64.ActiveCfg = Release|x64
		{9AB2031B-21CE-40FC-A581-27F9DF94330F}.Release|x64.Build.0 = Release|x64
		{9AB2031B-21CE-40FC-A581-27F9DF94330F}.Release|x86.ActiveCfg = Release|Win32
		{9AB2031B-21CE-40FC-A581-27F9DF94330F}.Release|x86.Build.0 = Release|Win32
		{F8EEC172-085B-4F84-BA98-7735A743A19F}.Debug|Any CPU.ActiveCfg = Debug|Win32
		{F8EEC172-085B-4F84-BA98-7735A743A19F}.Debug|x64.ActiveCfg = Debug|x64
		{F8EEC172-085B-4F84-BA98-7735A743A19F}.Debug|x64.Build.0 = Debug|x64
		{F8EEC172-085B-4F84-BA98-7735A743A19F}.Debug|x86.ActiveCfg = Debug|Win32
		{F8EEC172-085B-4F84-BA98-7735A743A19F}.Debug|x86.Build.0 = Debug|Win32
		{F8EEC172-085B-4F84-BA98-7735A743A19F}.Release|Any CPU.ActiveCfg = Release|Win32
		{F8EEC172-085B-4F84-BA98-7735A743A19F}.Release|x64.ActiveCfg = Release|x64
		{F8EEC172-085B-4F84-BA98-7735A743A19F}.Release|x64.Build.0 = Release|x64
		{F8EEC172-085B-4F84-BA98-7735A743A19F}.Release|x86.ActiveCfg = Release|Win32
		{F8EEC172-085B-4F84-BA98-7735A743A19F}.Release|x86.Build.0 = Release|Win32
		{8A898CDF-AB10-45A2-8C29-D74A04A8F950}.Debug|Any CPU.ActiveCfg = Debug|Win32
		{8A898CDF-AB10-45A2-8C29-D74A04A8F950}.Debug|x64.ActiveCfg = Debug|x64
		{8A898CDF-AB10-45A2-8C29-D74A04A8F950}.Debug|x64.Build.0 = Debug|x64
		{8A898CDF-AB10-45A2-8C29-D74A04A8F950}.Debug|x86.ActiveCfg = Debug|Win32
		{8A898CDF-AB10-45A2-8C29-D74A04A8F950}.Debug|x86.Build.0 = Debug|Win32
		{8A898CDF-AB10-45A2-8C29-D74A04A8F950}.Release|Any CPU.ActiveCfg = Release|Win32
		{8A898CDF-AB10-45A2-8C29-D74A04A8F950}.Release|x64.ActiveCfg = Release|x64
		{8A898CDF-AB10-45A2-8C29-D74A04A8F950}.Release|x64.Build.0 = Release|x64
		{8A898CDF-AB10-45A2-8C29-D74A04A8F950}.Release|x86.ActiveCfg = Release|Win32
		{8A898CDF-AB10-45A2-8C29-D74A04A8F950}.Release|x86.Build.0 = Release|Win32
		{4D5D48B6-F27D-41D6-B3CF-296D07A9E39B}.Debug|Any CPU.ActiveCfg = Debug|Win32
		{4D5D48B6-F27D-41D6-B3CF-296D07A9E39B}.Debug|x64.ActiveCfg = Debug|x64
		{4D5D48B6-F27D-41D6-B3CF-296D07A9E39B}.Debug|x64.Build.0 = Debug|x64
		{4D5D48B6-F27D-41D6-B3CF-296D07A9E39B}.Debug|x86.ActiveCfg = Debug|Win32
		{4D5D48B6-F27D-41D6-B3CF-296D07A9E39B}.Debug|x86.Build.0 = Debug|Win32
		{4D5D48B6-F27D-41D6-B3CF-296D07A9E39B}.Release|Any CPU.ActiveCfg = Release|Win32
		{4D5D48B6-F27D-41D6-B3CF-296D07A9E39B}.Release|x64.ActiveCfg = Release|x64
		{4D5D48B6-F27D-41D6-B3CF-296D07A9E39B}.Release|x64.Build.0 = Release|x64
		{4D5D48B6-F27D-41D6-B3CF-296D07A9E39B}.Release|x86.ActiveCfg = Release|Win32
		{4D5D48B6-F27D-41D6-B3CF-296D07A9E39B}.Release|x86.Build.0 = Release|Win32
		{745FD8E6-CFE9-43FA-9567-B3FB4F497F0C}.Debug|Any CPU.ActiveCfg = Debug|Win32
		{745FD8E6-CFE9-43FA-9567-B3FB4F497F0C}.Debug|x64.ActiveCfg = Debug|x64
		{745FD8E6-CFE9-43FA-9567-B3FB4F497F0C}.Debug|x64.Build.0 = Debug|x64
		{745FD8E6-CFE9-43FA-9567-B3FB4F497F0C}.Debug|x86.ActiveCfg = Debug|Win32
		{745FD8E6-CFE9-43FA-9567-B3FB4F497F0C}.Debug|x86.Build.0 = Debug|Win32
		{745FD8E6-CFE9-43FA-9567-B3FB4F497F0C}.Release|Any CPU.ActiveCfg = Release|Win32
		{745FD8E6-CFE9-43FA-9567-B3FB4F497F0C}.Release|x64.ActiveCfg = Release|x64
		{745FD8E6-CFE9-43FA-9567-B3FB4F497F0C}.Release|x64.Build.0 = Release|x64
		{745FD8E6-CFE9-43FA-9567-B3FB4F497F0C}.Release|x86.ActiveCfg = Release|Win32
		{745FD8E6-CFE9-43FA-9567-B3FB4F497F0C}.Release|x86.Build.0 = Release|Win32
	EndGlobalSection
	GlobalSection(SolutionProperties) = preSolution
		HideSolutionNode = FALSE
	EndGlobalSection
	GlobalSection(NestedProjects) = preSolution
		{E2ADBCB0-492C-435E-B6FA-A1C2F80C7D05} = {EFDD313E-D619-441A-BFF2-ED3CCD0D121C}
		{F3F42738-85EF-4851-A3F8-FD0FC28BB6A5} = {089DEE0C-4C67-4FAC-8A31-1F53F8B7215E}
		{8A898CDF-AB10-45A2-8C29-D74A04A8F950} = {CBB89A7B-99EC-456A-A204-3813C6A32EA0}
		{4D5D48B6-F27D-41D6-B3CF-296D07A9E39B} = {CBB89A7B-99EC-456A-A204-3813C6A32EA0}
		{745FD8E6-CFE9-43FA-9567-B3FB4F497F0C} = {CBB89A7B-99EC-456A-A204-3813C6A32EA0}
	EndGlobalSection
	GlobalSection(ExtensibilityGlobals) = postSolution
		SolutionGuid = {8027E395-7A22-4A83-A20E-78D232064629}
	EndGlobalSection
EndGlobal
